
Microsoft Visual Studio Solution File, Format Version 12.00
# Visual Studio Version 16
VisualStudioVersion = 16.0.29306.81
MinimumVisualStudioVersion = 10.0.40219.1
Project("{FAE04EC0-301F-11D3-BF4B-00C04F79EFBC}") = "szczury", "szczury\szczury.csproj", "{ADD32B5D-61CF-4307-A940-B365127E65FF}"
EndProject
Global
	GlobalSection(SolutionConfigurationPlatforms) = preSolution
		Debug|Any CPU = Debug|Any CPU
		Release|Any CPU = Release|Any CPU
	EndGlobalSection
	GlobalSection(ProjectConfigurationPlatforms) = postSolution
		{ADD32B5D-61CF-4307-A940-B365127E65FF}.Debug|Any CPU.ActiveCfg = Debug|Any CPU
		{ADD32B5D-61CF-4307-A940-B365127E65FF}.Debug|Any CPU.Build.0 = Debug|Any CPU
		{ADD32B5D-61CF-4307-A940-B365127E65FF}.Release|Any CPU.ActiveCfg = Release|Any CPU
		{ADD32B5D-61CF-4307-A940-B365127E65FF}.Release|Any CPU.Build.0 = Release|Any CPU
	EndGlobalSection
	GlobalSection(SolutionProperties) = preSolution
		HideSolutionNode = FALSE
	EndGlobalSection
	GlobalSection(ExtensibilityGlobals) = postSolution
		SolutionGuid = {33BA3A3E-E52B-4046-9837-E3103C896A7A}
	EndGlobalSection
EndGlobal
